# This file is automatically @generated by Cargo.
# It is not intended for manual editing.
version = 4

[[package]]
name = "bitspark-deixis-core"
version = "0.6.0"
source = "git+https://github.com/Bitspark/deixis?tag=v0.6.0#8fb1fa6f82ce48b7c56eef745c098814c201348e"

[[package]]
name = "bitspark-deixis-pos"
version = "0.6.0"
source = "git+https://github.com/Bitspark/deixis?tag=v0.6.0#8fb1fa6f82ce48b7c56eef745c098814c201348e"

[[package]]
name = "bitspark-ontos-codec"
version = "0.13.0"
dependencies = [
 "bitspark-ontos-core",
]

[[package]]
name = "bitspark-ontos-core"
version = "0.13.0"

[[package]]
name = "bitspark-ontos-data"
version = "0.13.0"
dependencies = [
 "bitspark-ontos-codec",
 "bitspark-ontos-core",
]

[[package]]
name = "bitspark-ontos-data-json"
version = "0.13.0"
dependencies = [
 "bitspark-ontos-codec",
 "bitspark-ontos-core",
 "bitspark-ontos-data",
]

[[package]]
name = "bitspark-ontos-deixis-projection"
version = "0.13.0"
dependencies = [
 "bitspark-deixis-core",
 "bitspark-deixis-pos",
 "bitspark-ontos-codec",
 "bitspark-ontos-core",
]

[[package]]
name = "ontos-cli"
version = "0.1.0"
dependencies = [
 "bitspark-ontos-codec",
 "bitspark-ontos-core",
 "bitspark-ontos-data",
]

[[package]]
name = "ontos-producer-adapter"
version = "0.0.0"
dependencies = [
 "bitspark-ontos-codec",
 "bitspark-ontos-core",
 "bitspark-ontos-data",
]
