{
  "name": "ontos",
  "lockfileVersion": 3,
  "requires": true,
  "packages": {
    "": {
      "name": "ontos",
      "workspaces": [
        "core/ts",
        "codec/ts",
        "data/ts",
        "data/json/ts",
        "projection/deixis/ts",
        "cli/ts"
      ],
      "devDependencies": {
        "typescript": "^5.6.2"
      }
    },
    "cli/ts": {
      "name": "@bitspark/ontos-cli",
      "version": "0.1.0",
      "license": "Apache-2.0",
      "dependencies": {
        "@bitspark/ontos-codec": "^0.13.0",
        "@bitspark/ontos-core": "^0.13.0",
        "@bitspark/ontos-data": "^0.13.0"
      },
      "bin": {
        "ontos": "dist/src/main.js"
      },
      "devDependencies": {
        "@types/node": "^24"
      }
    },
    "codec/ts": {
      "name": "@bitspark/ontos-codec",
      "version": "0.13.0",
      "license": "Apache-2.0",
      "dependencies": {
        "@bitspark/ontos-core": "^0.13.0"
      }
    },
    "core/ts": {
      "name": "@bitspark/ontos-core",
      "version": "0.13.0",
      "license": "Apache-2.0"
    },
    "data/json/ts": {
      "name": "@bitspark/ontos-data-json",
      "version": "0.13.0",
      "license": "Apache-2.0",
      "dependencies": {
        "@bitspark/ontos-core": "^0.13.0",
        "@bitspark/ontos-data": "^0.13.0"
      },
      "devDependencies": {
        "@bitspark/ontos-codec": "^0.13.0"
      }
    },
    "data/ts": {
      "name": "@bitspark/ontos-data",
      "version": "0.13.0",
      "license": "Apache-2.0",
      "dependencies": {
        "@bitspark/ontos-codec": "^0.13.0",
        "@bitspark/ontos-core": "^0.13.0"
      }
    },
    "node_modules/@bitspark/deixis-core": {
      "version": "0.6.0",
      "resolved": "https://registry.npmjs.org/@bitspark/deixis-core/-/deixis-core-0.6.0.tgz",
      "integrity": "sha512-NozhLN14Pa7F8SwBRuZ8uwVp50S1h1DHhG0F/bnU3pUVE60A4HJisHaAxFaMDbDY3KGfLHbeEzxlUAK8s/QEWg==",
      "license": "Apache-2.0"
    },
    "node_modules/@bitspark/deixis-pos": {
      "version": "0.6.0",
      "resolved": "https://registry.npmjs.org/@bitspark/deixis-pos/-/deixis-pos-0.6.0.tgz",
      "integrity": "sha512-cHHaGfeVhV2WY94696LbmQAu5iKwLZ14brkZbRO1ZGCQgNYQZEIDe32RkcFu0TmMmX5R0MzYDHFtomDvX+x0Gw==",
      "license": "Apache-2.0"
    },
    "node_modules/@bitspark/ontos-cli": {
      "resolved": "cli/ts",
      "link": true
    },
    "node_modules/@bitspark/ontos-codec": {
      "resolved": "codec/ts",
      "link": true
    },
    "node_modules/@bitspark/ontos-core": {
      "resolved": "core/ts",
      "link": true
    },
    "node_modules/@bitspark/ontos-data": {
      "resolved": "data/ts",
      "link": true
    },
    "node_modules/@bitspark/ontos-data-json": {
      "resolved": "data/json/ts",
      "link": true
    },
    "node_modules/@bitspark/ontos-deixis-projection": {
      "resolved": "projection/deixis/ts",
      "link": true
    },
    "node_modules/@types/node": {
      "version": "24.13.3",
      "resolved": "https://registry.npmjs.org/@types/node/-/node-24.13.3.tgz",
      "integrity": "sha512-Dh8vAsV36ig5wa9OX4pXvMc9D3Veibfw2wix0CUwYODLD8nkj9UsLjASr49nPg+2eKzxhBV+v7L8pXvT4e639Q==",
      "dev": true,
      "license": "MIT",
      "dependencies": {
        "undici-types": "~7.18.0"
      }
    },
    "node_modules/typescript": {
      "version": "5.9.3",
      "resolved": "https://registry.npmjs.org/typescript/-/typescript-5.9.3.tgz",
      "integrity": "sha512-jl1vZzPDinLr9eUt3J/t7V6FgNEw9QjvBPdysz9KfQDD41fQrC2Y4vKQdiaUpFT4bXlb1RHhLpp8wtm6M5TgSw==",
      "dev": true,
      "license": "Apache-2.0",
      "bin": {
        "tsc": "bin/tsc",
        "tsserver": "bin/tsserver"
      },
      "engines": {
        "node": ">=14.17"
      }
    },
    "node_modules/undici-types": {
      "version": "7.18.2",
      "resolved": "https://registry.npmjs.org/undici-types/-/undici-types-7.18.2.tgz",
      "integrity": "sha512-AsuCzffGHJybSaRrmr5eHr81mwJU3kjw6M+uprWvCXiNeN9SOGwQ3Jn8jb8m3Z6izVgknn1R0FTCEAP2QrLY/w==",
      "dev": true,
      "license": "MIT"
    },
    "projection/deixis/ts": {
      "name": "@bitspark/ontos-deixis-projection",
      "version": "0.13.0",
      "license": "Apache-2.0",
      "dependencies": {
        "@bitspark/deixis-core": "0.6.0",
        "@bitspark/deixis-pos": "0.6.0",
        "@bitspark/ontos-core": "^0.13.0"
      },
      "devDependencies": {
        "@bitspark/ontos-codec": "^0.13.0"
      }
    }
  }
}
